
Microsoft Visual Studio Solution File, Format Version 12.00
# Visual Studio Version 17
VisualStudioVersion = 17.6.33815.320
MinimumVisualStudioVersion = 10.0.40219.1
Project("{FAE04EC0-301F-11D3-BF4B-00C04F79EFBC}") = "SFML", "SFML\SFML.csproj", "{343F6E9F-9B6A-4122-8B3D-9DA6B2681181}"
EndProject
Global
	GlobalSection(SolutionConfigurationPlatforms) = preSolution
		Debug|Any CPU = Debug|Any CPU
		Release|Any CPU = Release|Any CPU
	EndGlobalSection
	GlobalSection(ProjectConfigurationPlatforms) = postSolution
		{343F6E9F-9B6A-4122-8B3D-9DA6B2681181}.Debug|Any CPU.ActiveCfg = Debug|Any CPU
		{343F6E9F-9B6A-4122-8B3D-9DA6B2681181}.Debug|Any CPU.Build.0 = Debug|Any CPU
		{343F6E9F-9B6A-4122-8B3D-9DA6B2681181}.Release|Any CPU.ActiveCfg = Release|Any CPU
		{343F6E9F-9B6A-4122-8B3D-9DA6B2681181}.Release|Any CPU.Build.0 = Release|Any CPU
	EndGlobalSection
	GlobalSection(SolutionProperties) = preSolution
		HideSolutionNode = FALSE
	EndGlobalSection
	GlobalSection(ExtensibilityGlobals) = postSolution
		SolutionGuid = {FB63F7D1-0C5D-47BB-8BA3-42E83D83C1B5}
	EndGlobalSection
EndGlobal
